
Microsoft Visual Studio Solution File, Format Version 12.00
# Visual Studio Version 17
VisualStudioVersion = 17.5.33530.505
MinimumVisualStudioVersion = 10.0.40219.1
Project("{8BC9CEB8-8B4A-11D0-8D11-00A0C91BC942}") = "CmdLineTools", "CmdLineTools\CmdLineTools.vcxproj", "{76C10EFD-49FC-449B-842F-D62AE03834B9}"
EndProject
Project("{8BC9CEB8-8B4A-11D0-8D11-00A0C91BC942}") = "Console", "Console\Console.vcxproj", "{11F7AB7A-3E7A-4402-87BE-339F13DDFA78}"
EndProject
Global
	GlobalSection(SolutionConfigurationPlatforms) = preSolution
		Debug|x64 = Debug|x64
		Debug|x86 = Debug|x86
		Release|x64 = Release|x64
		Release|x86 = Release|x86
	EndGlobalSection
	GlobalSection(ProjectConfigurationPlatforms) = postSolution
		{76C10EFD-49FC-449B-842F-D62AE03834B9}.Debug|x64.ActiveCfg = Debug|x64
		{76C10EFD-49FC-449B-842F-D62AE03834B9}.Debug|x64.Build.0 = Debug|x64
		{76C10EFD-49FC-449B-842F-D62AE03834B9}.Debug|x86.ActiveCfg = Debug|Win32
		{76C10EFD-49FC-449B-842F-D62AE03834B9}.Debug|x86.Build.0 = Debug|Win32
		{76C10EFD-49FC-449B-842F-D62AE03834B9}.Release|x64.ActiveCfg = Release|x64
		{76C10EFD-49FC-449B-842F-D62AE03834B9}.Release|x64.Build.0 = Release|x64
		{76C10EFD-49FC-449B-842F-D62AE03834B9}.Release|x86.ActiveCfg = Release|Win32
		{76C10EFD-49FC-449B-842F-D62AE03834B9}.Release|x86.Build.0 = Release|Win32
		{11F7AB7A-3E7A-4402-87BE-339F13DDFA78}.Debug|x64.ActiveCfg = Debug|x64
		{11F7AB7A-3E7A-4402-87BE-339F13DDFA78}.Debug|x64.Build.0 = Debug|x64
		{11F7AB7A-3E7A-4402-87BE-339F13DDFA78}.Debug|x86.ActiveCfg = Debug|Win32
		{11F7AB7A-3E7A-4402-87BE-339F13DDFA78}.Debug|x86.Build.0 = Debug|Win32
		{11F7AB7A-3E7A-4402-87BE-339F13DDFA78}.Release|x64.ActiveCfg = Release|x64
		{11F7AB7A-3E7A-4402-87BE-339F13DDFA78}.Release|x64.Build.0 = Release|x64
		{11F7AB7A-3E7A-4402-87BE-339F13DDFA78}.Release|x86.ActiveCfg = Release|Win32
		{11F7AB7A-3E7A-4402-87BE-339F13DDFA78}.Release|x86.Build.0 = Release|Win32
	EndGlobalSection
	GlobalSection(SolutionProperties) = preSolution
		HideSolutionNode = FALSE
	EndGlobalSection
	GlobalSection(ExtensibilityGlobals) = postSolution
		SolutionGuid = {DA311619-14D7-4422-A7C1-32444A328C0A}
	EndGlobalSection
EndGlobal
