<?xml version="1.0" encoding="utf-8"?>
<Project ToolsVersion="4.0" xmlns="http://schemas.microsoft.com/developer/msbuild/2003">
  <ItemGroup>
    <Filter Include="소스 파일">
      <UniqueIdentifier>{4FC737F1-C7A5-4376-A066-2A32D752A2FF}</UniqueIdentifier>
      <Extensions>cpp;c;cc;cxx;c++;cppm;ixx;def;odl;idl;hpj;bat;asm;asmx</Extensions>
    </Filter>
    <Filter Include="헤더 파일">
      <UniqueIdentifier>{93995380-89BD-4b04-88EB-625FBE52EBFB}</UniqueIdentifier>
      <Extensions>h;hh;hpp;hxx;h++;hm;inl;inc;ipp;xsd</Extensions>
    </Filter>
    <Filter Include="리소스 파일">
      <UniqueIdentifier>{67DA6AB6-F800-4c08-8B7A-83BB121AAD01}</UniqueIdentifier>
      <Extensions>rc;ico;cur;bmp;dlg;rc2;rct;bin;rgs;gif;jpg;jpeg;jpe;resx;tiff;tif;png;wav;mfcribbon-ms</Extensions>
    </Filter>
    <Filter Include="헤더 파일\Common">
      <UniqueIdentifier>{6ac0f10f-3a95-4163-a44c-5b7308618b6c}</UniqueIdentifier>
    </Filter>
  </ItemGroup>
  <ItemGroup>
    <ClCompile Include="main.cpp">
      <Filter>소스 파일</Filter>
    </ClCompile>
    <ClCompile Include="Encoding.cpp">
      <Filter>소스 파일</Filter>
    </ClCompile>
    <ClCompile Include="CmdLineTools.cpp">
      <Filter>소스 파일</Filter>
    </ClCompile>
    <ClCompile Include="tobits.cpp">
      <Filter>소스 파일</Filter>
    </ClCompile>
    <ClCompile Include="dprint.cpp">
      <Filter>소스 파일</Filter>
    </ClCompile>
  </ItemGroup>
  <ItemGroup>
    <ClInclude Include="Encoding.h">
      <Filter>헤더 파일</Filter>
    </ClInclude>
    <ClInclude Include="CmdLineTools.h">
      <Filter>헤더 파일</Filter>
    </ClInclude>
    <ClInclude Include="tobits.h">
      <Filter>헤더 파일</Filter>
    </ClInclude>
    <ClInclude Include="..\Shared\Common\ArgsAdditional.h">
      <Filter>헤더 파일\Common</Filter>
    </ClInclude>
    <ClInclude Include="..\Shared\Common\IArgs.h">
      <Filter>헤더 파일\Common</Filter>
    </ClInclude>
    <ClInclude Include="..\Shared\Common\ICmdOptions.h">
      <Filter>헤더 파일\Common</Filter>
    </ClInclude>
    <ClInclude Include="..\Shared\Common\typedef.h">
      <Filter>헤더 파일\Common</Filter>
    </ClInclude>
    <ClInclude Include="dprint.h">
      <Filter>헤더 파일</Filter>
    </ClInclude>
  </ItemGroup>
</Project>